
Microsoft Visual Studio Solution File, Format Version 12.00
# Visual Studio Version 16
VisualStudioVersion = 16.0.31112.23
MinimumVisualStudioVersion = 10.0.40219.1
Project("{FAE04EC0-301F-11D3-BF4B-00C04F79EFBC}") = "TriggerDatabase", "TriggerDatabase\TriggerDatabase.csproj", "{72114A60-8831-475C-9BC8-D5129BAAE72A}"
EndProject
Global
	GlobalSection(SolutionConfigurationPlatforms) = preSolution
		Debug|Any CPU = Debug|Any CPU
		Release|Any CPU = Release|Any CPU
	EndGlobalSection
	GlobalSection(ProjectConfigurationPlatforms) = postSolution
		{72114A60-8831-475C-9BC8-D5129BAAE72A}.Debug|Any CPU.ActiveCfg = Debug|Any CPU
		{72114A60-8831-475C-9BC8-D5129BAAE72A}.Debug|Any CPU.Build.0 = Debug|Any CPU
		{72114A60-8831-475C-9BC8-D5129BAAE72A}.Release|Any CPU.ActiveCfg = Release|Any CPU
		{72114A60-8831-475C-9BC8-D5129BAAE72A}.Release|Any CPU.Build.0 = Release|Any CPU
	EndGlobalSection
	GlobalSection(SolutionProperties) = preSolution
		HideSolutionNode = FALSE
	EndGlobalSection
	GlobalSection(ExtensibilityGlobals) = postSolution
		SolutionGuid = {AA641A3A-FA8B-4D99-B315-96EED8C53407}
	EndGlobalSection
EndGlobal
